// !$*UTF8*$!
{
	archiveVersion = 1;
	classes = {
	};
	objectVersion = 48;
	objects = {

/* Begin PBXBuildFile section */
		4265E04620738E1F0028F444 /* AppDelegate.m in Sources */ = {isa = PBXBuildFile; fileRef = 4265E04520738E1F0028F444 /* AppDelegate.m */; };
		4265E04920738E1F0028F444 /* ViewController.m in Sources */ = {isa = PBXBuildFile; fileRef = 4265E04820738E1F0028F444 /* ViewController.m */; };
		4265E04C20738E200028F444 /* Main.storyboard in Resources */ = {isa = PBXBuildFile; fileRef = 4265E04A20738E200028F444 /* Main.storyboard */; };
		4265E04E20738E200028F444 /* Assets.xcassets in Resources */ = {isa = PBXBuildFile; fileRef = 4265E04D20738E200028F444 /* Assets.xcassets */; };
		4265E05120738E200028F444 /* LaunchScreen.storyboard in Resources */ = {isa = PBXBuildFile; fileRef = 4265E04F20738E200028F444 /* LaunchScreen.storyboard */; };
		4265E05420738E200028F444 /* main.m in Sources */ = {isa = PBXBuildFile; fileRef = 4265E05320738E200028F444 /* main.m */; };
		4265E06120738FA10028F444 /* CXFirstModel.m in Sources */ = {isa = PBXBuildFile; fileRef = 4265E06020738FA10028F444 /* CXFirstModel.m */; };
		4265E06420738FB70028F444 /* CXFirstView.m in Sources */ = {isa = PBXBuildFile; fileRef = 4265E06320738FB70028F444 /* CXFirstView.m */; };
/* End PBXBuildFile section */

/* Begin PBXFileReference section */
		4265E04120738E1F0028F444 /* test.app */ = {isa = PBXFileReference; explicitFileType = wrapper.application; includeInIndex = 0; path = test.app; sourceTree = BUILT_PRODUCTS_DIR; };
		4265E04420738E1F0028F444 /* AppDelegate.h */ = {isa = PBXFileReference; lastKnownFileType = sourcecode.c.h; path = AppDelegate.h; sourceTree = "<group>"; };
		4265E04520738E1F0028F444 /* AppDelegate.m */ = {isa = PBXFileReference; lastKnownFileType = sourcecode.c.objc; path = AppDelegate.m; sourceTree = "<group>"; };
		4265E04720738E1F0028F444 /* ViewController.h */ = {isa = PBXFileReference; lastKnownFileType = sourcecode.c.h; path = ViewController.h; sourceTree = "<group>"; };
		4265E04820738E1F0028F444 /* ViewController.m */ = {isa = PBXFileReference; lastKnownFileType = sourcecode.c.objc; path = ViewController.m; sourceTree = "<group>"; };
		4265E04B20738E200028F444 /* Base */ = {isa = PBXFileReference; lastKnownFileType = file.storyboard; name = Base; path = Base.lproj/Main.storyboard; sourceTree = "<group>"; };
		4265E04D20738E200028F444 /* Assets.xcassets */ = {isa = PBXFileReference; lastKnownFileType = folder.assetcatalog; path = Assets.xcassets; sourceTree = "<group>"; };
		4265E05020738E200028F444 /* Base */ = {isa = PBXFileReference; lastKnownFileType = file.storyboard; name = Base; path = Base.lproj/LaunchScreen.storyboard; sourceTree = "<group>"; };
		4265E05220738E200028F444 /* Info.plist */ = {isa = PBXFileReference; lastKnownFileType = text.plist.xml; path = Info.plist; sourceTree = "<group>"; };
		4265E05320738E200028F444 /* main.m */ = {isa = PBXFileReference; lastKnownFileType = sourcecode.c.objc; path = main.m; sourceTree = "<group>"; };
		4265E05F20738FA10028F444 /* CXFirstModel.h */ = {isa = PBXFileReference; lastKnownFileType = sourcecode.c.h; path = CXFirstModel.h; sourceTree = "<group>"; };
		4265E06020738FA10028F444 /* CXFirstModel.m */ = {isa = PBXFileReference; lastKnownFileType = sourcecode.c.objc; path = CXFirstModel.m; sourceTree = "<group>"; };
		4265E06220738FB70028F444 /* CXFirstView.h */ = {isa = PBXFileReference; lastKnownFileType = sourcecode.c.h; path = CXFirstView.h; sourceTree = "<group>"; };
		4265E06320738FB70028F444 /* CXFirstView.m */ = {isa = PBXFileReference; lastKnownFileType = sourcecode.c.objc; path = CXFirstView.m; sourceTree = "<group>"; };
/* End PBXFileReference section */

/* Begin PBXFrameworksBuildPhase section */
		4265E03E20738E1F0028F444 /* Frameworks */ = {
			isa = PBXFrameworksBuildPhase;
			buildActionMask = 2147483647;
			files = (
			);
			runOnlyForDeploymentPostprocessing = 0;
		};
/* End PBXFrameworksBuildPhase section */

/* Begin PBXGroup section */
		4265E03820738E1F0028F444 = {
			isa = PBXGroup;
			children = (
				4265E04320738E1F0028F444 /* test */,
				4265E04220738E1F0028F444 /* Products */,
			);
			sourceTree = "<group>";
		};
		4265E04220738E1F0028F444 /* Products */ = {
			isa = PBXGroup;
			children = (
				4265E04120738E1F0028F444 /* test.app */,
			);
			name = Products;
			sourceTree = "<group>";
		};
		4265E04320738E1F0028F444 /* test */ = {
			isa = PBXGroup;
			children = (
				4265E05A20738F890028F444 /* Class */,
				4265E04420738E1F0028F444 /* AppDelegate.h */,
				4265E04520738E1F0028F444 /* AppDelegate.m */,
				4265E04720738E1F0028F444 /* ViewController.h */,
				4265E04820738E1F0028F444 /* ViewController.m */,
				4265E04A20738E200028F444 /* Main.storyboard */,
				4265E04D20738E200028F444 /* Assets.xcassets */,
				4265E04F20738E200028F444 /* LaunchScreen.storyboard */,
				4265E05220738E200028F444 /* Info.plist */,
				4265E05320738E200028F444 /* main.m */,
			);
			path = test;
			sourceTree = "<group>";
		};
		4265E05A20738F890028F444 /* Class */ = {
			isa = PBXGroup;
			children = (
				4265E05B20738F890028F444 /* CXItem */,
			);
			path = Class;
			sourceTree = "<group>";
		};
		4265E05B20738F890028F444 /* CXItem */ = {
			isa = PBXGroup;
			children = (
				4265E05C20738F890028F444 /* ItemFirst */,
			);
			path = CXItem;
			sourceTree = "<group>";
		};
		4265E05C20738F890028F444 /* ItemFirst */ = {
			isa = PBXGroup;
			children = (
				4265E05D20738F890028F444 /* model */,
				4265E05E20738F890028F444 /* view */,
			);
			path = ItemFirst;
			sourceTree = "<group>";
		};
		4265E05D20738F890028F444 /* model */ = {
			isa = PBXGroup;
			children = (
				4265E05F20738FA10028F444 /* CXFirstModel.h */,
				4265E06020738FA10028F444 /* CXFirstModel.m */,
			);
			path = model;
			sourceTree = "<group>";
		};
		4265E05E20738F890028F444 /* view */ = {
			isa = PBXGroup;
			children = (
				4265E06220738FB70028F444 /* CXFirstView.h */,
				4265E06320738FB70028F444 /* CXFirstView.m */,
			);
			path = view;
			sourceTree = "<group>";
		};
/* End PBXGroup section */

/* Begin PBXNativeTarget section */
		4265E04020738E1F0028F444 /* test */ = {
			isa = PBXNativeTarget;
			buildConfigurationList = 4265E05720738E200028F444 /* Build configuration list for PBXNativeTarget "test" */;
			buildPhases = (
				4265E03D20738E1F0028F444 /* Sources */,
				4265E03E20738E1F0028F444 /* Frameworks */,
				4265E03F20738E1F0028F444 /* Resources */,
			);
			buildRules = (
			);
			dependencies = (
			);
			name = test;
			productName = test;
			productReference = 4265E04120738E1F0028F444 /* test.app */;
			productType = "com.apple.product-type.application";
		};
/* End PBXNativeTarget section */

/* Begin PBXProject section */
		4265E03920738E1F0028F444 /* Project object */ = {
			isa = PBXProject;
			attributes = {
				CLASSPREFIX = CX;
				LastUpgradeCheck = 0920;
				ORGANIZATIONNAME = CX;
				TargetAttributes = {
					4265E04020738E1F0028F444 = {
						CreatedOnToolsVersion = 9.2;
						ProvisioningStyle = Automatic;
					};
				};
			};
			buildConfigurationList = 4265E03C20738E1F0028F444 /* Build configuration list for PBXProject "test" */;
			compatibilityVersion = "Xcode 8.0";
			developmentRegion = en;
			hasScannedForEncodings = 0;
			knownRegions = (
				en,
				Base,
			);
			mainGroup = 4265E03820738E1F0028F444;
			productRefGroup = 4265E04220738E1F0028F444 /* Products */;
			projectDirPath = "";
			projectRoot = "";
			targets = (
				4265E04020738E1F0028F444 /* test */,
			);
		};
/* End PBXProject section */

/* Begin PBXResourcesBuildPhase section */
		4265E03F20738E1F0028F444 /* Resources */ = {
			isa = PBXResourcesBuildPhase;
			buildActionMask = 2147483647;
			files = (
				4265E05120738E200028F444 /* LaunchScreen.storyboard in Resources */,
				4265E04E20738E200028F444 /* Assets.xcassets in Resources */,
				4265E04C20738E200028F444 /* Main.storyboard in Resources */,
			);
			runOnlyForDeploymentPostprocessing = 0;
		};
/* End PBXResourcesBuildPhase section */

/* Begin PBXSourcesBuildPhase section */
		4265E03D20738E1F0028F444 /* Sources */ = {
			isa = PBXSourcesBuildPhase;
			buildActionMask = 2147483647;
			files = (
				4265E04920738E1F0028F444 /* ViewController.m in Sources */,
				4265E06120738FA10028F444 /* CXFirstModel.m in Sources */,
				4265E06420738FB70028F444 /* CXFirstView.m in Sources */,
				4265E05420738E200028F444 /* main.m in Sources */,
				4265E04620738E1F0028F444 /* AppDelegate.m in Sources */,
			);
			runOnlyForDeploymentPostprocessing = 0;
		};
/* End PBXSourcesBuildPhase section */

/* Begin PBXVariantGroup section */
		4265E04A20738E200028F444 /* Main.storyboard */ = {
			isa = PBXVariantGroup;
			children = (
				4265E04B20738E200028F444 /* Base */,
			);
			name = Main.storyboard;
			sourceTree = "<group>";
		};
		4265E04F20738E200028F444 /* LaunchScreen.storyboard */ = {
			isa = PBXVariantGroup;
			children = (
				4265E05020738E200028F444 /* Base */,
			);
			name = LaunchScreen.storyboard;
			sourceTree = "<group>";
		};
/* End PBXVariantGroup section */

/* Begin XCBuildConfiguration section */
		4265E05520738E200028F444 /* Debug */ = {
			isa = XCBuildConfiguration;
			buildSettings = {
				ALWAYS_SEARCH_USER_PATHS = NO;
				CLANG_ANALYZER_NONNULL = YES;
				CLANG_ANALYZER_NUMBER_OBJECT_CONVERSION = YES_AGGRESSIVE;
				CLANG_CXX_LANGUAGE_STANDARD = "gnu++14";
				CLANG_CXX_LIBRARY = "libc++";
				CLANG_ENABLE_MODULES = YES;
				CLANG_ENABLE_OBJC_ARC = YES;
				CLANG_WARN_BLOCK_CAPTURE_AUTORELEASING = YES;
				CLANG_WARN_BOOL_CONVERSION = YES;
				CLANG_WARN_COMMA = YES;
				CLANG_WARN_CONSTANT_CONVERSION = YES;
				CLANG_WARN_DIRECT_OBJC_ISA_USAGE = YES_ERROR;
				CLANG_WARN_DOCUMENTATION_COMMENTS = YES;
				CLANG_WARN_EMPTY_BODY = YES;
				CLANG_WARN_ENUM_CONVERSION = YES;
				CLANG_WARN_INFINITE_RECURSION = YES;
				CLANG_WARN_INT_CONVERSION = YES;
				CLANG_WARN_NON_LITERAL_NULL_CONVERSION = YES;
				CLANG_WARN_OBJC_LITERAL_CONVERSION = YES;
				CLANG_WARN_OBJC_ROOT_CLASS = YES_ERROR;
				CLANG_WARN_RANGE_LOOP_ANALYSIS = YES;
				CLANG_WARN_STRICT_PROTOTYPES = YES;
				CLANG_WARN_SUSPICIOUS_MOVE = YES;
				CLANG_WARN_UNGUARDED_AVAILABILITY = YES_AGGRESSIVE;
				CLANG_WARN_UNREACHABLE_CODE = YES;
				CLANG_WARN__DUPLICATE_METHOD_MATCH = YES;
				CODE_SIGN_IDENTITY = "iPhone Developer";
				COPY_PHASE_STRIP = NO;
				DEBUG_INFORMATION_FORMAT = dwarf;
				ENABLE_STRICT_OBJC_MSGSEND = YES;
				ENABLE_TESTABILITY = YES;
				GCC_C_LANGUAGE_STANDARD = gnu11;
				GCC_DYNAMIC_NO_PIC = NO;
				GCC_NO_COMMON_BLOCKS = YES;
				GCC_OPTIMIZATION_LEVEL = 0;
				GCC_PREPROCESSOR_DEFINITIONS = (
					"DEBUG=1",
					"$(inherited)",
				);
				GCC_WARN_64_TO_32_BIT_CONVERSION = YES;
				GCC_WARN_ABOUT_RETURN_TYPE = YES_ERROR;
				GCC_WARN_UNDECLARED_SELECTOR = YES;
				GCC_WARN_UNINITIALIZED_AUTOS = YES_AGGRESSIVE;
				GCC_WARN_UNUSED_FUNCTION = YES;
				GCC_WARN_UNUSED_VARIABLE = YES;
				IPHONEOS_DEPLOYMENT_TARGET = 11.2;
				MTL_ENABLE_DEBUG_INFO = YES;
				ONLY_ACTIVE_ARCH = YES;
				SDKROOT = iphoneos;
			};
			name = Debug;
		};
		4265E05620738E200028F444 /* Release */ = {
			isa = XCBuildConfiguration;
			buildSettings = {
				ALWAYS_SEARCH_USER_PATHS = NO;
				CLANG_ANALYZER_NONNULL = YES;
				CLANG_ANALYZER_NUMBER_OBJECT_CONVERSION = YES_AGGRESSIVE;
				CLANG_CXX_LANGUAGE_STANDARD = "gnu++14";
				CLANG_CXX_LIBRARY = "libc++";
				CLANG_ENABLE_MODULES = YES;
				CLANG_ENABLE_OBJC_ARC = YES;
				CLANG_WARN_BLOCK_CAPTURE_AUTORELEASING = YES;
				CLANG_WARN_BOOL_CONVERSION = YES;
				CLANG_WARN_COMMA = YES;
				CLANG_WARN_CONSTANT_CONVERSION = YES;
				CLANG_WARN_DIRECT_OBJC_ISA_USAGE = YES_ERROR;
				CLANG_WARN_DOCUMENTATION_COMMENTS = YES;
				CLANG_WARN_EMPTY_BODY = YES;
				CLANG_WARN_ENUM_CONVERSION = YES;
				CLANG_WARN_INFINITE_RECURSION = YES;
				CLANG_WARN_INT_CONVERSION = YES;
				CLANG_WARN_NON_LITERAL_NULL_CONVERSION = YES;
				CLANG_WARN_OBJC_LITERAL_CONVERSION = YES;
				CLANG_WARN_OBJC_ROOT_CLASS = YES_ERROR;
				CLANG_WARN_RANGE_LOOP_ANALYSIS = YES;
				CLANG_WARN_STRICT_PROTOTYPES = YES;
				CLANG_WARN_SUSPICIOUS_MOVE = YES;
				CLANG_WARN_UNGUARDED_AVAILABILITY = YES_AGGRESSIVE;
				CLANG_WARN_UNREACHABLE_CODE = YES;
				CLANG_WARN__DUPLICATE_METHOD_MATCH = YES;
				CODE_SIGN_IDENTITY = "iPhone Developer";
				COPY_PHASE_STRIP = NO;
				DEBUG_INFORMATION_FORMAT = "dwarf-with-dsym";
				ENABLE_NS_ASSERTIONS = NO;
				ENABLE_STRICT_OBJC_MSGSEND = YES;
				GCC_C_LANGUAGE_STANDARD = gnu11;
				GCC_NO_COMMON_BLOCKS = YES;
				GCC_WARN_64_TO_32_BIT_CONVERSION = YES;
				GCC_WARN_ABOUT_RETURN_TYPE = YES_ERROR;
				GCC_WARN_UNDECLARED_SELECTOR = YES;
				GCC_WARN_UNINITIALIZED_AUTOS = YES_AGGRESSIVE;
				GCC_WARN_UNUSED_FUNCTION = YES;
				GCC_WARN_UNUSED_VARIABLE = YES;
				IPHONEOS_DEPLOYMENT_TARGET = 11.2;
				MTL_ENABLE_DEBUG_INFO = NO;
				SDKROOT = iphoneos;
				VALIDATE_PRODUCT = YES;
			};
			name = Release;
		};
		4265E05820738E200028F444 /* Debug */ = {
			isa = XCBuildConfiguration;
			buildSettings = {
				ASSETCATALOG_COMPILER_APPICON_NAME = AppIcon;
				CODE_SIGN_STYLE = Automatic;
				DEVELOPMENT_TEAM = 3LBVXH45TE;
				INFOPLIST_FILE = test/Info.plist;
				LD_RUNPATH_SEARCH_PATHS = "$(inherited) @executable_path/Frameworks";
				PRODUCT_BUNDLE_IDENTIFIER = com.cx.test.test;
				PRODUCT_NAME = "$(TARGET_NAME)";
				TARGETED_DEVICE_FAMILY = "1,2";
			};
			name = Debug;
		};
		4265E05920738E200028F444 /* Release */ = {
			isa = XCBuildConfiguration;
			buildSettings = {
				ASSETCATALOG_COMPILER_APPICON_NAME = AppIcon;
				CODE_SIGN_STYLE = Automatic;
				DEVELOPMENT_TEAM = 3LBVXH45TE;
				INFOPLIST_FILE = test/Info.plist;
				LD_RUNPATH_SEARCH_PATHS = "$(inherited) @executable_path/Frameworks";
				PRODUCT_BUNDLE_IDENTIFIER = com.cx.test.test;
				PRODUCT_NAME = "$(TARGET_NAME)";
				TARGETED_DEVICE_FAMILY = "1,2";
			};
			name = Release;
		};
/* End XCBuildConfiguration section */

/* Begin XCConfigurationList section */
		4265E03C20738E1F0028F444 /* Build configuration list for PBXProject "test" */ = {
			isa = XCConfigurationList;
			buildConfigurations = (
				4265E05520738E200028F444 /* Debug */,
				4265E05620738E200028F444 /* Release */,
			);
			defaultConfigurationIsVisible = 0;
			defaultConfigurationName = Release;
		};
		4265E05720738E200028F444 /* Build configuration list for PBXNativeTarget "test" */ = {
			isa = XCConfigurationList;
			buildConfigurations = (
				4265E05820738E200028F444 /* Debug */,
				4265E05920738E200028F444 /* Release */,
			);
			defaultConfigurationIsVisible = 0;
			defaultConfigurationName = Release;
		};
/* End XCConfigurationList section */
	};
	rootObject = 4265E03920738E1F0028F444 /* Project object */;
}
