// !$*UTF8*$!
{
	archiveVersion = 1;
	classes = {
	};
	objectVersion = 48;
	objects = {

/* Begin PBXBuildFile section */
		4265E04920738E1F0028F444 /* ViewController.m in Sources */ = {isa = PBXBuildFile; fileRef = 4265E04820738E1F0028F444 /* ViewController.m */; };
		4265E04C20738E200028F444 /* Main.storyboard in Resources */ = {isa = PBXBuildFile; fileRef = 4265E04A20738E200028F444 /* Main.storyboard */; };
		4265E05120738E200028F444 /* LaunchScreen.storyboard in Resources */ = {isa = PBXBuildFile; fileRef = 4265E04F20738E200028F444 /* LaunchScreen.storyboard */; };
		4265E06120738FA10028F444 /* CXFirstModel.m in Sources */ = {isa = PBXBuildFile; fileRef = 4265E06020738FA10028F444 /* CXFirstModel.m */; };
		4265E06420738FB70028F444 /* CXFirstView.m in Sources */ = {isa = PBXBuildFile; fileRef = 4265E06320738FB70028F444 /* CXFirstView.m */; };
		426A9174207A2661003A7A8B /* CXNSObjectAdditions.m in Sources */ = {isa = PBXBuildFile; fileRef = 426A9173207A2661003A7A8B /* CXNSObjectAdditions.m */; };
		426A9180207A28AC003A7A8B /* Assets.xcassets in Resources */ = {isa = PBXBuildFile; fileRef = 426A917D207A28AC003A7A8B /* Assets.xcassets */; };
		426A9181207A28AC003A7A8B /* Info.plist in Resources */ = {isa = PBXBuildFile; fileRef = 426A917E207A28AC003A7A8B /* Info.plist */; };
		426A9182207A28AC003A7A8B /* main.m in Sources */ = {isa = PBXBuildFile; fileRef = 426A917F207A28AC003A7A8B /* main.m */; };
		426A9186207A2912003A7A8B /* AppDelegate.m in Sources */ = {isa = PBXBuildFile; fileRef = 426A9185207A2912003A7A8B /* AppDelegate.m */; };
		4282FC4720739EF500977DCC /* CXFirstVC.m in Sources */ = {isa = PBXBuildFile; fileRef = 4282FC4620739EF500977DCC /* CXFirstVC.m */; };
		429436AE20739DE80092C807 /* CXFirstModel1.m in Sources */ = {isa = PBXBuildFile; fileRef = 429436AD20739DE80092C807 /* CXFirstModel1.m */; };
		B7066F5FED5853749A8CFEDB /* libPods-test.a in Frameworks */ = {isa = PBXBuildFile; fileRef = 2A46DDD4AD0DE3E3A9733E02 /* libPods-test.a */; };
/* End PBXBuildFile section */

/* Begin PBXFileReference section */
		2A46DDD4AD0DE3E3A9733E02 /* libPods-test.a */ = {isa = PBXFileReference; explicitFileType = archive.ar; includeInIndex = 0; path = "libPods-test.a"; sourceTree = BUILT_PRODUCTS_DIR; };
		4265E04120738E1F0028F444 /* test.app */ = {isa = PBXFileReference; explicitFileType = wrapper.application; includeInIndex = 0; path = test.app; sourceTree = BUILT_PRODUCTS_DIR; };
		4265E04720738E1F0028F444 /* ViewController.h */ = {isa = PBXFileReference; lastKnownFileType = sourcecode.c.h; path = ViewController.h; sourceTree = "<group>"; };
		4265E04820738E1F0028F444 /* ViewController.m */ = {isa = PBXFileReference; lastKnownFileType = sourcecode.c.objc; path = ViewController.m; sourceTree = "<group>"; };
		4265E04B20738E200028F444 /* Base */ = {isa = PBXFileReference; lastKnownFileType = file.storyboard; name = Base; path = Base.lproj/Main.storyboard; sourceTree = "<group>"; };
		4265E05020738E200028F444 /* Base */ = {isa = PBXFileReference; lastKnownFileType = file.storyboard; name = Base; path = Base.lproj/LaunchScreen.storyboard; sourceTree = "<group>"; };
		4265E05F20738FA10028F444 /* CXFirstModel.h */ = {isa = PBXFileReference; lastKnownFileType = sourcecode.c.h; path = CXFirstModel.h; sourceTree = "<group>"; };
		4265E06020738FA10028F444 /* CXFirstModel.m */ = {isa = PBXFileReference; lastKnownFileType = sourcecode.c.objc; path = CXFirstModel.m; sourceTree = "<group>"; };
		4265E06220738FB70028F444 /* CXFirstView.h */ = {isa = PBXFileReference; lastKnownFileType = sourcecode.c.h; path = CXFirstView.h; sourceTree = "<group>"; };
		4265E06320738FB70028F444 /* CXFirstView.m */ = {isa = PBXFileReference; lastKnownFileType = sourcecode.c.objc; path = CXFirstView.m; sourceTree = "<group>"; };
		426A9172207A2661003A7A8B /* CXNSObjectAdditions.h */ = {isa = PBXFileReference; lastKnownFileType = sourcecode.c.h; path = CXNSObjectAdditions.h; sourceTree = "<group>"; };
		426A9173207A2661003A7A8B /* CXNSObjectAdditions.m */ = {isa = PBXFileReference; lastKnownFileType = sourcecode.c.objc; path = CXNSObjectAdditions.m; sourceTree = "<group>"; };
		426A917D207A28AC003A7A8B /* Assets.xcassets */ = {isa = PBXFileReference; lastKnownFileType = folder.assetcatalog; path = Assets.xcassets; sourceTree = "<group>"; };
		426A917E207A28AC003A7A8B /* Info.plist */ = {isa = PBXFileReference; fileEncoding = 4; lastKnownFileType = text.plist.xml; path = Info.plist; sourceTree = "<group>"; };
		426A917F207A28AC003A7A8B /* main.m */ = {isa = PBXFileReference; fileEncoding = 4; lastKnownFileType = sourcecode.c.objc; path = main.m; sourceTree = "<group>"; };
		426A9184207A2912003A7A8B /* AppDelegate.h */ = {isa = PBXFileReference; fileEncoding = 4; lastKnownFileType = sourcecode.c.h; path = AppDelegate.h; sourceTree = "<group>"; };
		426A9185207A2912003A7A8B /* AppDelegate.m */ = {isa = PBXFileReference; fileEncoding = 4; lastKnownFileType = sourcecode.c.objc; path = AppDelegate.m; sourceTree = "<group>"; };
		4282FC4520739EF500977DCC /* CXFirstVC.h */ = {isa = PBXFileReference; lastKnownFileType = sourcecode.c.h; path = CXFirstVC.h; sourceTree = "<group>"; };
		4282FC4620739EF500977DCC /* CXFirstVC.m */ = {isa = PBXFileReference; lastKnownFileType = sourcecode.c.objc; path = CXFirstVC.m; sourceTree = "<group>"; };
		429436AC20739DE80092C807 /* CXFirstModel1.h */ = {isa = PBXFileReference; lastKnownFileType = sourcecode.c.h; path = CXFirstModel1.h; sourceTree = "<group>"; };
		429436AD20739DE80092C807 /* CXFirstModel1.m */ = {isa = PBXFileReference; lastKnownFileType = sourcecode.c.objc; path = CXFirstModel1.m; sourceTree = "<group>"; };
		55658F33860DAD389697C8CF /* Pods-test.release.xcconfig */ = {isa = PBXFileReference; includeInIndex = 1; lastKnownFileType = text.xcconfig; name = "Pods-test.release.xcconfig"; path = "Pods/Target Support Files/Pods-test/Pods-test.release.xcconfig"; sourceTree = "<group>"; };
		FB5656FAFA5D07EB6662D1C6 /* Pods-test.debug.xcconfig */ = {isa = PBXFileReference; includeInIndex = 1; lastKnownFileType = text.xcconfig; name = "Pods-test.debug.xcconfig"; path = "Pods/Target Support Files/Pods-test/Pods-test.debug.xcconfig"; sourceTree = "<group>"; };
/* End PBXFileReference section */

/* Begin PBXFrameworksBuildPhase section */
		4265E03E20738E1F0028F444 /* Frameworks */ = {
			isa = PBXFrameworksBuildPhase;
			buildActionMask = 2147483647;
			files = (
				B7066F5FED5853749A8CFEDB /* libPods-test.a in Frameworks */,
			);
			runOnlyForDeploymentPostprocessing = 0;
		};
/* End PBXFrameworksBuildPhase section */

/* Begin PBXGroup section */
		1D00DEA853696D013C6C9FBB /* Frameworks */ = {
			isa = PBXGroup;
			children = (
				2A46DDD4AD0DE3E3A9733E02 /* libPods-test.a */,
			);
			name = Frameworks;
			sourceTree = "<group>";
		};
		4265E03820738E1F0028F444 = {
			isa = PBXGroup;
			children = (
				4265E04320738E1F0028F444 /* test */,
				4265E04220738E1F0028F444 /* Products */,
				9509A08D6805751F281702A7 /* Pods */,
				1D00DEA853696D013C6C9FBB /* Frameworks */,
			);
			sourceTree = "<group>";
		};
		4265E04220738E1F0028F444 /* Products */ = {
			isa = PBXGroup;
			children = (
				4265E04120738E1F0028F444 /* test.app */,
			);
			name = Products;
			sourceTree = "<group>";
		};
		4265E04320738E1F0028F444 /* test */ = {
			isa = PBXGroup;
			children = (
				4265E05A20738F890028F444 /* Class */,
				426A917C207A28AC003A7A8B /* Supporting Files */,
				4265E04720738E1F0028F444 /* ViewController.h */,
				4265E04820738E1F0028F444 /* ViewController.m */,
				4265E04A20738E200028F444 /* Main.storyboard */,
				4265E04F20738E200028F444 /* LaunchScreen.storyboard */,
			);
			path = test;
			sourceTree = "<group>";
		};
		4265E05A20738F890028F444 /* Class */ = {
			isa = PBXGroup;
			children = (
				4265E05B20738F890028F444 /* CXItem */,
				426A9171207A25D8003A7A8B /* CXCategory */,
			);
			path = Class;
			sourceTree = "<group>";
		};
		4265E05B20738F890028F444 /* CXItem */ = {
			isa = PBXGroup;
			children = (
				426A9183207A2912003A7A8B /* CXMain */,
				4265E05C20738F890028F444 /* ItemFirst */,
			);
			path = CXItem;
			sourceTree = "<group>";
		};
		4265E05C20738F890028F444 /* ItemFirst */ = {
			isa = PBXGroup;
			children = (
				4282FC4420739EC200977DCC /* controller */,
				4265E05D20738F890028F444 /* model */,
				4265E05E20738F890028F444 /* view */,
			);
			path = ItemFirst;
			sourceTree = "<group>";
		};
		4265E05D20738F890028F444 /* model */ = {
			isa = PBXGroup;
			children = (
				4265E05F20738FA10028F444 /* CXFirstModel.h */,
				4265E06020738FA10028F444 /* CXFirstModel.m */,
				429436AC20739DE80092C807 /* CXFirstModel1.h */,
				429436AD20739DE80092C807 /* CXFirstModel1.m */,
			);
			path = model;
			sourceTree = "<group>";
		};
		4265E05E20738F890028F444 /* view */ = {
			isa = PBXGroup;
			children = (
				4265E06220738FB70028F444 /* CXFirstView.h */,
				4265E06320738FB70028F444 /* CXFirstView.m */,
			);
			path = view;
			sourceTree = "<group>";
		};
		426A9171207A25D8003A7A8B /* CXCategory */ = {
			isa = PBXGroup;
			children = (
				426A9172207A2661003A7A8B /* CXNSObjectAdditions.h */,
				426A9173207A2661003A7A8B /* CXNSObjectAdditions.m */,
			);
			path = CXCategory;
			sourceTree = "<group>";
		};
		426A917C207A28AC003A7A8B /* Supporting Files */ = {
			isa = PBXGroup;
			children = (
				426A917D207A28AC003A7A8B /* Assets.xcassets */,
				426A917E207A28AC003A7A8B /* Info.plist */,
				426A917F207A28AC003A7A8B /* main.m */,
			);
			path = "Supporting Files";
			sourceTree = "<group>";
		};
		426A9183207A2912003A7A8B /* CXMain */ = {
			isa = PBXGroup;
			children = (
				426A9184207A2912003A7A8B /* AppDelegate.h */,
				426A9185207A2912003A7A8B /* AppDelegate.m */,
			);
			path = CXMain;
			sourceTree = "<group>";
		};
		4282FC4420739EC200977DCC /* controller */ = {
			isa = PBXGroup;
			children = (
				4282FC4520739EF500977DCC /* CXFirstVC.h */,
				4282FC4620739EF500977DCC /* CXFirstVC.m */,
			);
			path = controller;
			sourceTree = "<group>";
		};
		9509A08D6805751F281702A7 /* Pods */ = {
			isa = PBXGroup;
			children = (
				FB5656FAFA5D07EB6662D1C6 /* Pods-test.debug.xcconfig */,
				55658F33860DAD389697C8CF /* Pods-test.release.xcconfig */,
			);
			name = Pods;
			sourceTree = "<group>";
		};
/* End PBXGroup section */

/* Begin PBXNativeTarget section */
		4265E04020738E1F0028F444 /* test */ = {
			isa = PBXNativeTarget;
			buildConfigurationList = 4265E05720738E200028F444 /* Build configuration list for PBXNativeTarget "test" */;
			buildPhases = (
				4E515602DC6696736DFDA0E1 /* [CP] Check Pods Manifest.lock */,
				4265E03D20738E1F0028F444 /* Sources */,
				4265E03E20738E1F0028F444 /* Frameworks */,
				4265E03F20738E1F0028F444 /* Resources */,
				80F6F0D5F728DBAD076BD9B9 /* [CP] Embed Pods Frameworks */,
				D91850407899CF87161617CD /* [CP] Copy Pods Resources */,
			);
			buildRules = (
			);
			dependencies = (
			);
			name = test;
			productName = test;
			productReference = 4265E04120738E1F0028F444 /* test.app */;
			productType = "com.apple.product-type.application";
		};
/* End PBXNativeTarget section */

/* Begin PBXProject section */
		4265E03920738E1F0028F444 /* Project object */ = {
			isa = PBXProject;
			attributes = {
				CLASSPREFIX = CX;
				LastUpgradeCheck = 0920;
				ORGANIZATIONNAME = CX;
				TargetAttributes = {
					4265E04020738E1F0028F444 = {
						CreatedOnToolsVersion = 9.2;
						ProvisioningStyle = Automatic;
					};
				};
			};
			buildConfigurationList = 4265E03C20738E1F0028F444 /* Build configuration list for PBXProject "test" */;
			compatibilityVersion = "Xcode 8.0";
			developmentRegion = en;
			hasScannedForEncodings = 0;
			knownRegions = (
				en,
				Base,
			);
			mainGroup = 4265E03820738E1F0028F444;
			productRefGroup = 4265E04220738E1F0028F444 /* Products */;
			projectDirPath = "";
			projectRoot = "";
			targets = (
				4265E04020738E1F0028F444 /* test */,
			);
		};
/* End PBXProject section */

/* Begin PBXResourcesBuildPhase section */
		4265E03F20738E1F0028F444 /* Resources */ = {
			isa = PBXResourcesBuildPhase;
			buildActionMask = 2147483647;
			files = (
				426A9181207A28AC003A7A8B /* Info.plist in Resources */,
				4265E05120738E200028F444 /* LaunchScreen.storyboard in Resources */,
				426A9180207A28AC003A7A8B /* Assets.xcassets in Resources */,
				4265E04C20738E200028F444 /* Main.storyboard in Resources */,
			);
			runOnlyForDeploymentPostprocessing = 0;
		};
/* End PBXResourcesBuildPhase section */

/* Begin PBXShellScriptBuildPhase section */
		4E515602DC6696736DFDA0E1 /* [CP] Check Pods Manifest.lock */ = {
			isa = PBXShellScriptBuildPhase;
			buildActionMask = 2147483647;
			files = (
			);
			inputPaths = (
				"${PODS_PODFILE_DIR_PATH}/Podfile.lock",
				"${PODS_ROOT}/Manifest.lock",
			);
			name = "[CP] Check Pods Manifest.lock";
			outputPaths = (
				"$(DERIVED_FILE_DIR)/Pods-test-checkManifestLockResult.txt",
			);
			runOnlyForDeploymentPostprocessing = 0;
			shellPath = /bin/sh;
			shellScript = "diff \"${PODS_PODFILE_DIR_PATH}/Podfile.lock\" \"${PODS_ROOT}/Manifest.lock\" > /dev/null\nif [ $? != 0 ] ; then\n    # print error to STDERR\n    echo \"error: The sandbox is not in sync with the Podfile.lock. Run 'pod install' or update your CocoaPods installation.\" >&2\n    exit 1\nfi\n# This output is used by Xcode 'outputs' to avoid re-running this script phase.\necho \"SUCCESS\" > \"${SCRIPT_OUTPUT_FILE_0}\"\n";
			showEnvVarsInLog = 0;
		};
		80F6F0D5F728DBAD076BD9B9 /* [CP] Embed Pods Frameworks */ = {
			isa = PBXShellScriptBuildPhase;
			buildActionMask = 2147483647;
			files = (
			);
			inputPaths = (
			);
			name = "[CP] Embed Pods Frameworks";
			outputPaths = (
			);
			runOnlyForDeploymentPostprocessing = 0;
			shellPath = /bin/sh;
			shellScript = "\"${SRCROOT}/Pods/Target Support Files/Pods-test/Pods-test-frameworks.sh\"\n";
			showEnvVarsInLog = 0;
		};
		D91850407899CF87161617CD /* [CP] Copy Pods Resources */ = {
			isa = PBXShellScriptBuildPhase;
			buildActionMask = 2147483647;
			files = (
			);
			inputPaths = (
			);
			name = "[CP] Copy Pods Resources";
			outputPaths = (
			);
			runOnlyForDeploymentPostprocessing = 0;
			shellPath = /bin/sh;
			shellScript = "\"${SRCROOT}/Pods/Target Support Files/Pods-test/Pods-test-resources.sh\"\n";
			showEnvVarsInLog = 0;
		};
/* End PBXShellScriptBuildPhase section */

/* Begin PBXSourcesBuildPhase section */
		4265E03D20738E1F0028F444 /* Sources */ = {
			isa = PBXSourcesBuildPhase;
			buildActionMask = 2147483647;
			files = (
				4265E04920738E1F0028F444 /* ViewController.m in Sources */,
				429436AE20739DE80092C807 /* CXFirstModel1.m in Sources */,
				4265E06120738FA10028F444 /* CXFirstModel.m in Sources */,
				4265E06420738FB70028F444 /* CXFirstView.m in Sources */,
				426A9186207A2912003A7A8B /* AppDelegate.m in Sources */,
				426A9174207A2661003A7A8B /* CXNSObjectAdditions.m in Sources */,
				426A9182207A28AC003A7A8B /* main.m in Sources */,
				4282FC4720739EF500977DCC /* CXFirstVC.m in Sources */,
			);
			runOnlyForDeploymentPostprocessing = 0;
		};
/* End PBXSourcesBuildPhase section */

/* Begin PBXVariantGroup section */
		4265E04A20738E200028F444 /* Main.storyboard */ = {
			isa = PBXVariantGroup;
			children = (
				4265E04B20738E200028F444 /* Base */,
			);
			name = Main.storyboard;
			sourceTree = "<group>";
		};
		4265E04F20738E200028F444 /* LaunchScreen.storyboard */ = {
			isa = PBXVariantGroup;
			children = (
				4265E05020738E200028F444 /* Base */,
			);
			name = LaunchScreen.storyboard;
			sourceTree = "<group>";
		};
/* End PBXVariantGroup section */

/* Begin XCBuildConfiguration section */
		4265E05520738E200028F444 /* Debug */ = {
			isa = XCBuildConfiguration;
			buildSettings = {
				ALWAYS_SEARCH_USER_PATHS = NO;
				CLANG_ANALYZER_NONNULL = YES;
				CLANG_ANALYZER_NUMBER_OBJECT_CONVERSION = YES_AGGRESSIVE;
				CLANG_CXX_LANGUAGE_STANDARD = "gnu++14";
				CLANG_CXX_LIBRARY = "libc++";
				CLANG_ENABLE_MODULES = YES;
				CLANG_ENABLE_OBJC_ARC = YES;
				CLANG_WARN_BLOCK_CAPTURE_AUTORELEASING = YES;
				CLANG_WARN_BOOL_CONVERSION = YES;
				CLANG_WARN_COMMA = YES;
				CLANG_WARN_CONSTANT_CONVERSION = YES;
				CLANG_WARN_DIRECT_OBJC_ISA_USAGE = YES_ERROR;
				CLANG_WARN_DOCUMENTATION_COMMENTS = YES;
				CLANG_WARN_EMPTY_BODY = YES;
				CLANG_WARN_ENUM_CONVERSION = YES;
				CLANG_WARN_INFINITE_RECURSION = YES;
				CLANG_WARN_INT_CONVERSION = YES;
				CLANG_WARN_NON_LITERAL_NULL_CONVERSION = YES;
				CLANG_WARN_OBJC_LITERAL_CONVERSION = YES;
				CLANG_WARN_OBJC_ROOT_CLASS = YES_ERROR;
				CLANG_WARN_RANGE_LOOP_ANALYSIS = YES;
				CLANG_WARN_STRICT_PROTOTYPES = YES;
				CLANG_WARN_SUSPICIOUS_MOVE = YES;
				CLANG_WARN_UNGUARDED_AVAILABILITY = YES_AGGRESSIVE;
				CLANG_WARN_UNREACHABLE_CODE = YES;
				CLANG_WARN__DUPLICATE_METHOD_MATCH = YES;
				CODE_SIGN_IDENTITY = "iPhone Developer";
				COPY_PHASE_STRIP = NO;
				DEBUG_INFORMATION_FORMAT = dwarf;
				ENABLE_STRICT_OBJC_MSGSEND = YES;
				ENABLE_TESTABILITY = YES;
				GCC_C_LANGUAGE_STANDARD = gnu11;
				GCC_DYNAMIC_NO_PIC = NO;
				GCC_NO_COMMON_BLOCKS = YES;
				GCC_OPTIMIZATION_LEVEL = 0;
				GCC_PREPROCESSOR_DEFINITIONS = (
					"DEBUG=1",
					"$(inherited)",
				);
				GCC_WARN_64_TO_32_BIT_CONVERSION = YES;
				GCC_WARN_ABOUT_RETURN_TYPE = YES_ERROR;
				GCC_WARN_UNDECLARED_SELECTOR = YES;
				GCC_WARN_UNINITIALIZED_AUTOS = YES_AGGRESSIVE;
				GCC_WARN_UNUSED_FUNCTION = YES;
				GCC_WARN_UNUSED_VARIABLE = YES;
				IPHONEOS_DEPLOYMENT_TARGET = 11.2;
				MTL_ENABLE_DEBUG_INFO = YES;
				ONLY_ACTIVE_ARCH = YES;
				SDKROOT = iphoneos;
			};
			name = Debug;
		};
		4265E05620738E200028F444 /* Release */ = {
			isa = XCBuildConfiguration;
			buildSettings = {
				ALWAYS_SEARCH_USER_PATHS = NO;
				CLANG_ANALYZER_NONNULL = YES;
				CLANG_ANALYZER_NUMBER_OBJECT_CONVERSION = YES_AGGRESSIVE;
				CLANG_CXX_LANGUAGE_STANDARD = "gnu++14";
				CLANG_CXX_LIBRARY = "libc++";
				CLANG_ENABLE_MODULES = YES;
				CLANG_ENABLE_OBJC_ARC = YES;
				CLANG_WARN_BLOCK_CAPTURE_AUTORELEASING = YES;
				CLANG_WARN_BOOL_CONVERSION = YES;
				CLANG_WARN_COMMA = YES;
				CLANG_WARN_CONSTANT_CONVERSION = YES;
				CLANG_WARN_DIRECT_OBJC_ISA_USAGE = YES_ERROR;
				CLANG_WARN_DOCUMENTATION_COMMENTS = YES;
				CLANG_WARN_EMPTY_BODY = YES;
				CLANG_WARN_ENUM_CONVERSION = YES;
				CLANG_WARN_INFINITE_RECURSION = YES;
				CLANG_WARN_INT_CONVERSION = YES;
				CLANG_WARN_NON_LITERAL_NULL_CONVERSION = YES;
				CLANG_WARN_OBJC_LITERAL_CONVERSION = YES;
				CLANG_WARN_OBJC_ROOT_CLASS = YES_ERROR;
				CLANG_WARN_RANGE_LOOP_ANALYSIS = YES;
				CLANG_WARN_STRICT_PROTOTYPES = YES;
				CLANG_WARN_SUSPICIOUS_MOVE = YES;
				CLANG_WARN_UNGUARDED_AVAILABILITY = YES_AGGRESSIVE;
				CLANG_WARN_UNREACHABLE_CODE = YES;
				CLANG_WARN__DUPLICATE_METHOD_MATCH = YES;
				CODE_SIGN_IDENTITY = "iPhone Developer";
				COPY_PHASE_STRIP = NO;
				DEBUG_INFORMATION_FORMAT = "dwarf-with-dsym";
				ENABLE_NS_ASSERTIONS = NO;
				ENABLE_STRICT_OBJC_MSGSEND = YES;
				GCC_C_LANGUAGE_STANDARD = gnu11;
				GCC_NO_COMMON_BLOCKS = YES;
				GCC_WARN_64_TO_32_BIT_CONVERSION = YES;
				GCC_WARN_ABOUT_RETURN_TYPE = YES_ERROR;
				GCC_WARN_UNDECLARED_SELECTOR = YES;
				GCC_WARN_UNINITIALIZED_AUTOS = YES_AGGRESSIVE;
				GCC_WARN_UNUSED_FUNCTION = YES;
				GCC_WARN_UNUSED_VARIABLE = YES;
				IPHONEOS_DEPLOYMENT_TARGET = 11.2;
				MTL_ENABLE_DEBUG_INFO = NO;
				SDKROOT = iphoneos;
				VALIDATE_PRODUCT = YES;
			};
			name = Release;
		};
		4265E05820738E200028F444 /* Debug */ = {
			isa = XCBuildConfiguration;
			baseConfigurationReference = FB5656FAFA5D07EB6662D1C6 /* Pods-test.debug.xcconfig */;
			buildSettings = {
				ASSETCATALOG_COMPILER_APPICON_NAME = AppIcon;
				CODE_SIGN_STYLE = Automatic;
				DEVELOPMENT_TEAM = 3LBVXH45TE;
				INFOPLIST_FILE = "test/Supporting Files/Info.plist";
				LD_RUNPATH_SEARCH_PATHS = "$(inherited) @executable_path/Frameworks";
				PRODUCT_BUNDLE_IDENTIFIER = com.cx.test.test;
				PRODUCT_NAME = "$(TARGET_NAME)";
				TARGETED_DEVICE_FAMILY = "1,2";
			};
			name = Debug;
		};
		4265E05920738E200028F444 /* Release */ = {
			isa = XCBuildConfiguration;
			baseConfigurationReference = 55658F33860DAD389697C8CF /* Pods-test.release.xcconfig */;
			buildSettings = {
				ASSETCATALOG_COMPILER_APPICON_NAME = AppIcon;
				CODE_SIGN_STYLE = Automatic;
				DEVELOPMENT_TEAM = 3LBVXH45TE;
				INFOPLIST_FILE = "test/Supporting Files/Info.plist";
				LD_RUNPATH_SEARCH_PATHS = "$(inherited) @executable_path/Frameworks";
				PRODUCT_BUNDLE_IDENTIFIER = com.cx.test.test;
				PRODUCT_NAME = "$(TARGET_NAME)";
				TARGETED_DEVICE_FAMILY = "1,2";
			};
			name = Release;
		};
/* End XCBuildConfiguration section */

/* Begin XCConfigurationList section */
		4265E03C20738E1F0028F444 /* Build configuration list for PBXProject "test" */ = {
			isa = XCConfigurationList;
			buildConfigurations = (
				4265E05520738E200028F444 /* Debug */,
				4265E05620738E200028F444 /* Release */,
			);
			defaultConfigurationIsVisible = 0;
			defaultConfigurationName = Release;
		};
		4265E05720738E200028F444 /* Build configuration list for PBXNativeTarget "test" */ = {
			isa = XCConfigurationList;
			buildConfigurations = (
				4265E05820738E200028F444 /* Debug */,
				4265E05920738E200028F444 /* Release */,
			);
			defaultConfigurationIsVisible = 0;
			defaultConfigurationName = Release;
		};
/* End XCConfigurationList section */
	};
	rootObject = 4265E03920738E1F0028F444 /* Project object */;
}
